// !$*UTF8*$!
{
	archiveVersion = 1;
	classes = {
	};
	objectVersion = 50;
	objects = {

/* Begin PBXBuildFile section */
		1072FB5D24B843D000F83793 /* AppDelegate.swift in Sources */ = {isa = PBXBuildFile; fileRef = 1072FB5C24B843D000F83793 /* AppDelegate.swift */; };
		1072FB5F24B843D000F83793 /* SceneDelegate.swift in Sources */ = {isa = PBXBuildFile; fileRef = 1072FB5E24B843D000F83793 /* SceneDelegate.swift */; };
		1072FB6124B843D000F83793 /* ViewController.swift in Sources */ = {isa = PBXBuildFile; fileRef = 1072FB6024B843D000F83793 /* ViewController.swift */; };
		1072FB6424B843D000F83793 /* Main.storyboard in Resources */ = {isa = PBXBuildFile; fileRef = 1072FB6224B843D000F83793 /* Main.storyboard */; };
		1072FB6624B843D100F83793 /* Assets.xcassets in Resources */ = {isa = PBXBuildFile; fileRef = 1072FB6524B843D100F83793 /* Assets.xcassets */; };
		1072FB6924B843D100F83793 /* LaunchScreen.storyboard in Resources */ = {isa = PBXBuildFile; fileRef = 1072FB6724B843D100F83793 /* LaunchScreen.storyboard */; };
/* End PBXBuildFile section */

/* Begin PBXFileReference section */
		1072FB5924B843D000F83793 /* TweetiSenti.app */ = {isa = PBXFileReference; explicitFileType = wrapper.application; includeInIndex = 0; path = TweetiSenti.app; sourceTree = BUILT_PRODUCTS_DIR; };
		1072FB5C24B843D000F83793 /* AppDelegate.swift */ = {isa = PBXFileReference; lastKnownFileType = sourcecode.swift; path = AppDelegate.swift; sourceTree = "<group>"; };
		1072FB5E24B843D000F83793 /* SceneDelegate.swift */ = {isa = PBXFileReference; lastKnownFileType = sourcecode.swift; path = SceneDelegate.swift; sourceTree = "<group>"; };
		1072FB6024B843D000F83793 /* ViewController.swift */ = {isa = PBXFileReference; lastKnownFileType = sourcecode.swift; path = ViewController.swift; sourceTree = "<group>"; };
		1072FB6324B843D000F83793 /* Base */ = {isa = PBXFileReference; lastKnownFileType = file.storyboard; name = Base; path = Base.lproj/Main.storyboard; sourceTree = "<group>"; };
		1072FB6524B843D100F83793 /* Assets.xcassets */ = {isa = PBXFileReference; lastKnownFileType = folder.assetcatalog; path = Assets.xcassets; sourceTree = "<group>"; };
		1072FB6824B843D100F83793 /* Base */ = {isa = PBXFileReference; lastKnownFileType = file.storyboard; name = Base; path = Base.lproj/LaunchScreen.storyboard; sourceTree = "<group>"; };
		1072FB6A24B843D100F83793 /* Info.plist */ = {isa = PBXFileReference; lastKnownFileType = text.plist.xml; path = Info.plist; sourceTree = "<group>"; };
/* End PBXFileReference section */

/* Begin PBXFrameworksBuildPhase section */
		1072FB5624B843D000F83793 /* Frameworks */ = {
			isa = PBXFrameworksBuildPhase;
			buildActionMask = 2147483647;
			files = (
			);
			runOnlyForDeploymentPostprocessing = 0;
		};
/* End PBXFrameworksBuildPhase section */

/* Begin PBXGroup section */
		1072FB5024B843D000F83793 = {
			isa = PBXGroup;
			children = (
				1072FB5B24B843D000F83793 /* TweetiSenti */,
				1072FB5A24B843D000F83793 /* Products */,
			);
			sourceTree = "<group>";
		};
		1072FB5A24B843D000F83793 /* Products */ = {
			isa = PBXGroup;
			children = (
				1072FB5924B843D000F83793 /* TweetiSenti.app */,
			);
			name = Products;
			sourceTree = "<group>";
		};
		1072FB5B24B843D000F83793 /* TweetiSenti */ = {
			isa = PBXGroup;
			children = (
				1072FB5C24B843D000F83793 /* AppDelegate.swift */,
				1072FB5E24B843D000F83793 /* SceneDelegate.swift */,
				1072FB6024B843D000F83793 /* ViewController.swift */,
				1072FB6224B843D000F83793 /* Main.storyboard */,
				1072FB6524B843D100F83793 /* Assets.xcassets */,
				1072FB6724B843D100F83793 /* LaunchScreen.storyboard */,
				1072FB6A24B843D100F83793 /* Info.plist */,
			);
			path = TweetiSenti;
			sourceTree = "<group>";
		};
/* End PBXGroup section */

/* Begin PBXNativeTarget section */
		1072FB5824B843D000F83793 /* TweetiSenti */ = {
			isa = PBXNativeTarget;
			buildConfigurationList = 1072FB6D24B843D100F83793 /* Build configuration list for PBXNativeTarget "TweetiSenti" */;
			buildPhases = (
				1072FB5524B843D000F83793 /* Sources */,
				1072FB5624B843D000F83793 /* Frameworks */,
				1072FB5724B843D000F83793 /* Resources */,
			);
			buildRules = (
			);
			dependencies = (
			);
			name = TweetiSenti;
			productName = TweetiSenti;
			productReference = 1072FB5924B843D000F83793 /* TweetiSenti.app */;
			productType = "com.apple.product-type.application";
		};
/* End PBXNativeTarget section */

/* Begin PBXProject section */
		1072FB5124B843D000F83793 /* Project object */ = {
			isa = PBXProject;
			attributes = {
				LastSwiftUpdateCheck = 1150;
				LastUpgradeCheck = 1150;
				ORGANIZATIONNAME = "Devesh Tyagi";
				TargetAttributes = {
					1072FB5824B843D000F83793 = {
						CreatedOnToolsVersion = 11.5;
					};
				};
			};
			buildConfigurationList = 1072FB5424B843D000F83793 /* Build configuration list for PBXProject "TweetiSenti" */;
			compatibilityVersion = "Xcode 9.3";
			developmentRegion = en;
			hasScannedForEncodings = 0;
			knownRegions = (
				en,
				Base,
			);
			mainGroup = 1072FB5024B843D000F83793;
			productRefGroup = 1072FB5A24B843D000F83793 /* Products */;
			projectDirPath = "";
			projectRoot = "";
			targets = (
				1072FB5824B843D000F83793 /* TweetiSenti */,
			);
		};
/* End PBXProject section */

/* Begin PBXResourcesBuildPhase section */
		1072FB5724B843D000F83793 /* Resources */ = {
			isa = PBXResourcesBuildPhase;
			buildActionMask = 2147483647;
			files = (
				1072FB6924B843D100F83793 /* LaunchScreen.storyboard in Resources */,
				1072FB6624B843D100F83793 /* Assets.xcassets in Resources */,
				1072FB6424B843D000F83793 /* Main.storyboard in Resources */,
			);
			runOnlyForDeploymentPostprocessing = 0;
		};
/* End PBXResourcesBuildPhase section */

/* Begin PBXSourcesBuildPhase section */
		1072FB5524B843D000F83793 /* Sources */ = {
			isa = PBXSourcesBuildPhase;
			buildActionMask = 2147483647;
			files = (
				1072FB6124B843D000F83793 /* ViewController.swift in Sources */,
				1072FB5D24B843D000F83793 /* AppDelegate.swift in Sources */,
				1072FB5F24B843D000F83793 /* SceneDelegate.swift in Sources */,
			);
			runOnlyForDeploymentPostprocessing = 0;
		};
/* End PBXSourcesBuildPhase section */

/* Begin PBXVariantGroup section */
		1072FB6224B843D000F83793 /* Main.storyboard */ = {
			isa = PBXVariantGroup;
			children = (
				1072FB6324B843D000F83793 /* Base */,
			);
			name = Main.storyboard;
			sourceTree = "<group>";
		};
		1072FB6724B843D100F83793 /* LaunchScreen.storyboard */ = {
			isa = PBXVariantGroup;
			children = (
				1072FB6824B843D100F83793 /* Base */,
			);
			name = LaunchScreen.storyboard;
			sourceTree = "<group>";
		};
/* End PBXVariantGroup section */

/* Begin XCBuildConfiguration section */
		1072FB6B24B843D100F83793 /* Debug */ = {
			isa = XCBuildConfiguration;
			buildSettings = {
				ALWAYS_SEARCH_USER_PATHS = NO;
				CLANG_ANALYZER_NONNULL = YES;
				CLANG_ANALYZER_NUMBER_OBJECT_CONVERSION = YES_AGGRESSIVE;
				CLANG_CXX_LANGUAGE_STANDARD = "gnu++14";
				CLANG_CXX_LIBRARY = "libc++";
				CLANG_ENABLE_MODULES = YES;
				CLANG_ENABLE_OBJC_ARC = YES;
				CLANG_ENABLE_OBJC_WEAK = YES;
				CLANG_WARN_BLOCK_CAPTURE_AUTORELEASING = YES;
				CLANG_WARN_BOOL_CONVERSION = YES;
				CLANG_WARN_COMMA = YES;
				CLANG_WARN_CONSTANT_CONVERSION = YES;
				CLANG_WARN_DEPRECATED_OBJC_IMPLEMENTATIONS = YES;
				CLANG_WARN_DIRECT_OBJC_ISA_USAGE = YES_ERROR;
				CLANG_WARN_DOCUMENTATION_COMMENTS = YES;
				CLANG_WARN_EMPTY_BODY = YES;
				CLANG_WARN_ENUM_CONVERSION = YES;
				CLANG_WARN_INFINITE_RECURSION = YES;
				CLANG_WARN_INT_CONVERSION = YES;
				CLANG_WARN_NON_LITERAL_NULL_CONVERSION = YES;
				CLANG_WARN_OBJC_IMPLICIT_RETAIN_SELF = YES;
				CLANG_WARN_OBJC_LITERAL_CONVERSION = YES;
				CLANG_WARN_OBJC_ROOT_CLASS = YES_ERROR;
				CLANG_WARN_RANGE_LOOP_ANALYSIS = YES;
				CLANG_WARN_STRICT_PROTOTYPES = YES;
				CLANG_WARN_SUSPICIOUS_MOVE = YES;
				CLANG_WARN_UNGUARDED_AVAILABILITY = YES_AGGRESSIVE;
				CLANG_WARN_UNREACHABLE_CODE = YES;
				CLANG_WARN__DUPLICATE_METHOD_MATCH = YES;
				COPY_PHASE_STRIP = NO;
				DEBUG_INFORMATION_FORMAT = dwarf;
				ENABLE_STRICT_OBJC_MSGSEND = YES;
				ENABLE_TESTABILITY = YES;
				GCC_C_LANGUAGE_STANDARD = gnu11;
				GCC_DYNAMIC_NO_PIC = NO;
				GCC_NO_COMMON_BLOCKS = YES;
				GCC_OPTIMIZATION_LEVEL = 0;
				GCC_PREPROCESSOR_DEFINITIONS = (
					"DEBUG=1",
					"$(inherited)",
				);
				GCC_WARN_64_TO_32_BIT_CONVERSION = YES;
				GCC_WARN_ABOUT_RETURN_TYPE = YES_ERROR;
				GCC_WARN_UNDECLARED_SELECTOR = YES;
				GCC_WARN_UNINITIALIZED_AUTOS = YES_AGGRESSIVE;
				GCC_WARN_UNUSED_FUNCTION = YES;
				GCC_WARN_UNUSED_VARIABLE = YES;
				IPHONEOS_DEPLOYMENT_TARGET = 13.5;
				MTL_ENABLE_DEBUG_INFO = INCLUDE_SOURCE;
				MTL_FAST_MATH = YES;
				ONLY_ACTIVE_ARCH = YES;
				SDKROOT = iphoneos;
				SWIFT_ACTIVE_COMPILATION_CONDITIONS = DEBUG;
				SWIFT_OPTIMIZATION_LEVEL = "-Onone";
			};
			name = Debug;
		};
		1072FB6C24B843D100F83793 /* Release */ = {
			isa = XCBuildConfiguration;
			buildSettings = {
				ALWAYS_SEARCH_USER_PATHS = NO;
				CLANG_ANALYZER_NONNULL = YES;
				CLANG_ANALYZER_NUMBER_OBJECT_CONVERSION = YES_AGGRESSIVE;
				CLANG_CXX_LANGUAGE_STANDARD = "gnu++14";
				CLANG_CXX_LIBRARY = "libc++";
				CLANG_ENABLE_MODULES = YES;
				CLANG_ENABLE_OBJC_ARC = YES;
				CLANG_ENABLE_OBJC_WEAK = YES;
				CLANG_WARN_BLOCK_CAPTURE_AUTORELEASING = YES;
				CLANG_WARN_BOOL_CONVERSION = YES;
				CLANG_WARN_COMMA = YES;
				CLANG_WARN_CONSTANT_CONVERSION = YES;
				CLANG_WARN_DEPRECATED_OBJC_IMPLEMENTATIONS = YES;
				CLANG_WARN_DIRECT_OBJC_ISA_USAGE = YES_ERROR;
				CLANG_WARN_DOCUMENTATION_COMMENTS = YES;
				CLANG_WARN_EMPTY_BODY = YES;
				CLANG_WARN_ENUM_CONVERSION = YES;
				CLANG_WARN_INFINITE_RECURSION = YES;
				CLANG_WARN_INT_CONVERSION = YES;
				CLANG_WARN_NON_LITERAL_NULL_CONVERSION = YES;
				CLANG_WARN_OBJC_IMPLICIT_RETAIN_SELF = YES;
				CLANG_WARN_OBJC_LITERAL_CONVERSION = YES;
				CLANG_WARN_OBJC_ROOT_CLASS = YES_ERROR;
				CLANG_WARN_RANGE_LOOP_ANALYSIS = YES;
				CLANG_WARN_STRICT_PROTOTYPES = YES;
				CLANG_WARN_SUSPICIOUS_MOVE = YES;
				CLANG_WARN_UNGUARDED_AVAILABILITY = YES_AGGRESSIVE;
				CLANG_WARN_UNREACHABLE_CODE = YES;
				CLANG_WARN__DUPLICATE_METHOD_MATCH = YES;
				COPY_PHASE_STRIP = NO;
				DEBUG_INFORMATION_FORMAT = "dwarf-with-dsym";
				ENABLE_NS_ASSERTIONS = NO;
				ENABLE_STRICT_OBJC_MSGSEND = YES;
				GCC_C_LANGUAGE_STANDARD = gnu11;
				GCC_NO_COMMON_BLOCKS = YES;
				GCC_WARN_64_TO_32_BIT_CONVERSION = YES;
				GCC_WARN_ABOUT_RETURN_TYPE = YES_ERROR;
				GCC_WARN_UNDECLARED_SELECTOR = YES;
				GCC_WARN_UNINITIALIZED_AUTOS = YES_AGGRESSIVE;
				GCC_WARN_UNUSED_FUNCTION = YES;
				GCC_WARN_UNUSED_VARIABLE = YES;
				IPHONEOS_DEPLOYMENT_TARGET = 13.5;
				MTL_ENABLE_DEBUG_INFO = NO;
				MTL_FAST_MATH = YES;
				SDKROOT = iphoneos;
				SWIFT_COMPILATION_MODE = wholemodule;
				SWIFT_OPTIMIZATION_LEVEL = "-O";
				VALIDATE_PRODUCT = YES;
			};
			name = Release;
		};
		1072FB6E24B843D100F83793 /* Debug */ = {
			isa = XCBuildConfiguration;
			buildSettings = {
				ASSETCATALOG_COMPILER_APPICON_NAME = AppIcon;
				CODE_SIGN_STYLE = Automatic;
				DEVELOPMENT_TEAM = 8HL6GD96GK;
				INFOPLIST_FILE = TweetiSenti/Info.plist;
				LD_RUNPATH_SEARCH_PATHS = (
					"$(inherited)",
					"@executable_path/Frameworks",
				);
				PRODUCT_BUNDLE_IDENTIFIER = com.deveshtyagi7.TweetiSenti;
				PRODUCT_NAME = "$(TARGET_NAME)";
				SWIFT_VERSION = 5.0;
				TARGETED_DEVICE_FAMILY = "1,2";
			};
			name = Debug;
		};
		1072FB6F24B843D100F83793 /* Release */ = {
			isa = XCBuildConfiguration;
			buildSettings = {
				ASSETCATALOG_COMPILER_APPICON_NAME = AppIcon;
				CODE_SIGN_STYLE = Automatic;
				DEVELOPMENT_TEAM = 8HL6GD96GK;
				INFOPLIST_FILE = TweetiSenti/Info.plist;
				LD_RUNPATH_SEARCH_PATHS = (
					"$(inherited)",
					"@executable_path/Frameworks",
				);
				PRODUCT_BUNDLE_IDENTIFIER = com.deveshtyagi7.TweetiSenti;
				PRODUCT_NAME = "$(TARGET_NAME)";
				SWIFT_VERSION = 5.0;
				TARGETED_DEVICE_FAMILY = "1,2";
			};
			name = Release;
		};
/* End XCBuildConfiguration section */

/* Begin XCConfigurationList section */
		1072FB5424B843D000F83793 /* Build configuration list for PBXProject "TweetiSenti" */ = {
			isa = XCConfigurationList;
			buildConfigurations = (
				1072FB6B24B843D100F83793 /* Debug */,
				1072FB6C24B843D100F83793 /* Release */,
			);
			defaultConfigurationIsVisible = 0;
			defaultConfigurationName = Release;
		};
		1072FB6D24B843D100F83793 /* Build configuration list for PBXNativeTarget "TweetiSenti" */ = {
			isa = XCConfigurationList;
			buildConfigurations = (
				1072FB6E24B843D100F83793 /* Debug */,
				1072FB6F24B843D100F83793 /* Release */,
			);
			defaultConfigurationIsVisible = 0;
			defaultConfigurationName = Release;
		};
/* End XCConfigurationList section */
	};
	rootObject = 1072FB5124B843D000F83793 /* Project object */;
}
